
Microsoft Visual Studio Solution File, Format Version 12.00
# Visual Studio Version 17
VisualStudioVersion = 17.14.36623.8
MinimumVisualStudioVersion = 10.0.40219.1
Project("{FAE04EC0-301F-11D3-BF4B-00C04F79EFBC}") = "Nem_LanguageInfo", "Nem_LanguageInfo\Nem_LanguageInfo.csproj", "{88D52AD2-C82A-4851-A69B-C6D9AF7C8F1A}"
EndProject
Project("{FAE04EC0-301F-11D3-BF4B-00C04F79EFBC}") = "xUnit_Nem_LanguageInfo", "xUnit_Nem_LanguageInfo\xUnit_Nem_LanguageInfo.csproj", "{C55D7B88-5DFC-4BB4-8532-6BF50EAAA6A3}"
EndProject
Global
	GlobalSection(SolutionConfigurationPlatforms) = preSolution
		Debug|Any CPU = Debug|Any CPU
		Release|Any CPU = Release|Any CPU
	EndGlobalSection
	GlobalSection(ProjectConfigurationPlatforms) = postSolution
		{88D52AD2-C82A-4851-A69B-C6D9AF7C8F1A}.Debug|Any CPU.ActiveCfg = Debug|Any CPU
		{88D52AD2-C82A-4851-A69B-C6D9AF7C8F1A}.Debug|Any CPU.Build.0 = Debug|Any CPU
		{88D52AD2-C82A-4851-A69B-C6D9AF7C8F1A}.Release|Any CPU.ActiveCfg = Release|Any CPU
		{88D52AD2-C82A-4851-A69B-C6D9AF7C8F1A}.Release|Any CPU.Build.0 = Release|Any CPU
		{C55D7B88-5DFC-4BB4-8532-6BF50EAAA6A3}.Debug|Any CPU.ActiveCfg = Debug|Any CPU
		{C55D7B88-5DFC-4BB4-8532-6BF50EAAA6A3}.Debug|Any CPU.Build.0 = Debug|Any CPU
		{C55D7B88-5DFC-4BB4-8532-6BF50EAAA6A3}.Release|Any CPU.ActiveCfg = Release|Any CPU
		{C55D7B88-5DFC-4BB4-8532-6BF50EAAA6A3}.Release|Any CPU.Build.0 = Release|Any CPU
	EndGlobalSection
	GlobalSection(SolutionProperties) = preSolution
		HideSolutionNode = FALSE
	EndGlobalSection
	GlobalSection(ExtensibilityGlobals) = postSolution
		SolutionGuid = {B2AADB41-697B-47BF-81D6-9B102AC1E7DE}
	EndGlobalSection
EndGlobal
